github.com/f18m/go-baresip v1.0.2-0.20250625213818-6560dc17b46f h1:E8gauc9GpmkNH6HJ0i65VfoYYWjdyj0erwGX7C4NNqc=
github.com/f18m/go-baresip v1.0.2-0.20250625213818-6560dc17b46f/go.mod h1:flYhOS7i83wdM/eIWD2LbUIPqnGQGqBYEnoSjH1AYZw=
github.com/goccy/go-json v0.10.5 h1:Fq85nIqj+gXn/S5ahsiTlK3TmC85qgirsdTP/+DeaC4=
github.com/goccy/go-json v0.10.5/go.mod h1:oq7eo15ShAhp70Anwd5lgX2pLfOS3QCiwU/PULtXL6M=
github.com/markdingo/netstring v1.0.2 h1:FptMPZdF/1QbW4gf8oVB7qE1GtZf7DgM7wq5o+dtS8o=
github.com/markdingo/netstring v1.0.2/go.mod h1:zfPc/km8bb/5yGxJpuFLSdFfyqe/ZLTTwsC4zJS2JzI=
